
Microsoft Visual Studio Solution File, Format Version 12.00
# Visual Studio Version 17
VisualStudioVersion = 17.9.34622.214
MinimumVisualStudioVersion = 10.0.40219.1
Project("{FAE04EC0-301F-11D3-BF4B-00C04F79EFBC}") = "Practices", "module16\Practices.csproj", "{44CCD05C-1DCB-4B81-8504-9AC8F0424DD2}"
EndProject
Project("{FAE04EC0-301F-11D3-BF4B-00C04F79EFBC}") = "Practices.Tests", "Practices.Tests\Practices.Tests.csproj", "{C65FB526-0420-43A8-BFA8-B0E167651E9D}"
EndProject
Global
	GlobalSection(SolutionConfigurationPlatforms) = preSolution
		Debug|Any CPU = Debug|Any CPU
		Release|Any CPU = Release|Any CPU
	EndGlobalSection
	GlobalSection(ProjectConfigurationPlatforms) = postSolution
		{44CCD05C-1DCB-4B81-8504-9AC8F0424DD2}.Debug|Any CPU.ActiveCfg = Debug|Any CPU
		{44CCD05C-1DCB-4B81-8504-9AC8F0424DD2}.Debug|Any CPU.Build.0 = Debug|Any CPU
		{44CCD05C-1DCB-4B81-8504-9AC8F0424DD2}.Release|Any CPU.ActiveCfg = Release|Any CPU
		{44CCD05C-1DCB-4B81-8504-9AC8F0424DD2}.Release|Any CPU.Build.0 = Release|Any CPU
		{C65FB526-0420-43A8-BFA8-B0E167651E9D}.Debug|Any CPU.ActiveCfg = Debug|Any CPU
		{C65FB526-0420-43A8-BFA8-B0E167651E9D}.Debug|Any CPU.Build.0 = Debug|Any CPU
		{C65FB526-0420-43A8-BFA8-B0E167651E9D}.Release|Any CPU.ActiveCfg = Release|Any CPU
		{C65FB526-0420-43A8-BFA8-B0E167651E9D}.Release|Any CPU.Build.0 = Release|Any CPU
	EndGlobalSection
	GlobalSection(SolutionProperties) = preSolution
		HideSolutionNode = FALSE
	EndGlobalSection
	GlobalSection(ExtensibilityGlobals) = postSolution
		SolutionGuid = {91626D2D-8D99-45AB-A147-6CBF9736256B}
	EndGlobalSection
EndGlobal
